
Microsoft Visual Studio Solution File, Format Version 12.00
# Visual Studio Version 17
VisualStudioVersion = 17.5.33516.290
MinimumVisualStudioVersion = 10.0.40219.1
Project("{FAE04EC0-301F-11D3-BF4B-00C04F79EFBC}") = "Prova01_ControleDeBar.ConsoleApp", "Prova01_ControleDeBar.ConsoleApp\Prova01_ControleDeBar.ConsoleApp.csproj", "{A96D3E1E-B2F1-43E2-98C4-D455E80F40C7}"
EndProject
Global
	GlobalSection(SolutionConfigurationPlatforms) = preSolution
		Debug|Any CPU = Debug|Any CPU
		Release|Any CPU = Release|Any CPU
	EndGlobalSection
	GlobalSection(ProjectConfigurationPlatforms) = postSolution
		{A96D3E1E-B2F1-43E2-98C4-D455E80F40C7}.Debug|Any CPU.ActiveCfg = Debug|Any CPU
		{A96D3E1E-B2F1-43E2-98C4-D455E80F40C7}.Debug|Any CPU.Build.0 = Debug|Any CPU
		{A96D3E1E-B2F1-43E2-98C4-D455E80F40C7}.Release|Any CPU.ActiveCfg = Release|Any CPU
		{A96D3E1E-B2F1-43E2-98C4-D455E80F40C7}.Release|Any CPU.Build.0 = Release|Any CPU
	EndGlobalSection
	GlobalSection(SolutionProperties) = preSolution
		HideSolutionNode = FALSE
	EndGlobalSection
	GlobalSection(ExtensibilityGlobals) = postSolution
		SolutionGuid = {26A63626-B9C0-4A47-97D8-8914F40BEE0F}
	EndGlobalSection
EndGlobal
